
Microsoft Visual Studio Solution File, Format Version 12.00
# Visual Studio Version 17
VisualStudioVersion = 17.4.33213.308
MinimumVisualStudioVersion = 10.0.40219.1
Project("{9A19103F-16F7-4668-BE54-9A1E7A4F7556}") = "LogisticsApp", "LogisticsApp\LogisticsApp.csproj", "{B2288C76-035A-432D-BA26-C967C1373F57}"
EndProject
Project("{9A19103F-16F7-4668-BE54-9A1E7A4F7556}") = "LogisticsApp.DataAccess", "LogisticsApp.DataAccess\LogisticsApp.DataAccess.csproj", "{A6092CF6-DE57-4E79-9482-312C90B1B5E0}"
EndProject
Project("{9A19103F-16F7-4668-BE54-9A1E7A4F7556}") = "LogisticsApp.Domain", "LogisticsApp.Domain\LogisticsApp.Domain.csproj", "{091AF0FF-EC8A-455E-AC67-5E88875D6B31}"
EndProject
Project("{9A19103F-16F7-4668-BE54-9A1E7A4F7556}") = "LogisticsApp.Helpers", "LogisticsApp.Helpers\LogisticsApp.Helpers.csproj", "{6111222D-8090-4323-A26B-AE7E87E3C4D8}"
EndProject
Project("{9A19103F-16F7-4668-BE54-9A1E7A4F7556}") = "LogisticsApp.DTOs", "LogisticsApp.DTOs\LogisticsApp.DTOs.csproj", "{58176A1F-8B64-43C4-B1DD-6A70506F8BE9}"
EndProject
Project("{9A19103F-16F7-4668-BE54-9A1E7A4F7556}") = "LogisticsApp.Mappers", "LogisticsApp.Mappers\LogisticsApp.Mappers.csproj", "{9ABC9A49-1097-4C44-868A-BFBA2BDD9192}"
EndProject
Project("{9A19103F-16F7-4668-BE54-9A1E7A4F7556}") = "LogisticsApp.Services", "LogisticsApp.Services\LogisticsApp.Services.csproj", "{84DC4E2D-032B-45BC-BB5A-3B06FFC63970}"
EndProject
Project("{FAE04EC0-301F-11D3-BF4B-00C04F79EFBC}") = "LogisticsApp.Shared", "LogisticsApp.Shared\LogisticsApp.Shared.csproj", "{1BD4CF06-A4E8-4E09-9766-1C8E92D24EC9}"
EndProject
Global
	GlobalSection(SolutionConfigurationPlatforms) = preSolution
		Debug|Any CPU = Debug|Any CPU
		Release|Any CPU = Release|Any CPU
	EndGlobalSection
	GlobalSection(ProjectConfigurationPlatforms) = postSolution
		{B2288C76-035A-432D-BA26-C967C1373F57}.Debug|Any CPU.ActiveCfg = Debug|Any CPU
		{B2288C76-035A-432D-BA26-C967C1373F57}.Debug|Any CPU.Build.0 = Debug|Any CPU
		{B2288C76-035A-432D-BA26-C967C1373F57}.Release|Any CPU.ActiveCfg = Release|Any CPU
		{B2288C76-035A-432D-BA26-C967C1373F57}.Release|Any CPU.Build.0 = Release|Any CPU
		{A6092CF6-DE57-4E79-9482-312C90B1B5E0}.Debug|Any CPU.ActiveCfg = Debug|Any CPU
		{A6092CF6-DE57-4E79-9482-312C90B1B5E0}.Debug|Any CPU.Build.0 = Debug|Any CPU
		{A6092CF6-DE57-4E79-9482-312C90B1B5E0}.Release|Any CPU.ActiveCfg = Release|Any CPU
		{A6092CF6-DE57-4E79-9482-312C90B1B5E0}.Release|Any CPU.Build.0 = Release|Any CPU
		{091AF0FF-EC8A-455E-AC67-5E88875D6B31}.Debug|Any CPU.ActiveCfg = Debug|Any CPU
		{091AF0FF-EC8A-455E-AC67-5E88875D6B31}.Debug|Any CPU.Build.0 = Debug|Any CPU
		{091AF0FF-EC8A-455E-AC67-5E88875D6B31}.Release|Any CPU.ActiveCfg = Release|Any CPU
		{091AF0FF-EC8A-455E-AC67-5E88875D6B31}.Release|Any CPU.Build.0 = Release|Any CPU
		{6111222D-8090-4323-A26B-AE7E87E3C4D8}.Debug|Any CPU.ActiveCfg = Debug|Any CPU
		{6111222D-8090-4323-A26B-AE7E87E3C4D8}.Debug|Any CPU.Build.0 = Debug|Any CPU
		{6111222D-8090-4323-A26B-AE7E87E3C4D8}.Release|Any CPU.ActiveCfg = Release|Any CPU
		{6111222D-8090-4323-A26B-AE7E87E3C4D8}.Release|Any CPU.Build.0 = Release|Any CPU
		{58176A1F-8B64-43C4-B1DD-6A70506F8BE9}.Debug|Any CPU.ActiveCfg = Debug|Any CPU
		{58176A1F-8B64-43C4-B1DD-6A70506F8BE9}.Debug|Any CPU.Build.0 = Debug|Any CPU
		{58176A1F-8B64-43C4-B1DD-6A70506F8BE9}.Release|Any CPU.ActiveCfg = Release|Any CPU
		{58176A1F-8B64-43C4-B1DD-6A70506F8BE9}.Release|Any CPU.Build.0 = Release|Any CPU
		{9ABC9A49-1097-4C44-868A-BFBA2BDD9192}.Debug|Any CPU.ActiveCfg = Debug|Any CPU
		{9ABC9A49-1097-4C44-868A-BFBA2BDD9192}.Debug|Any CPU.Build.0 = Debug|Any CPU
		{9ABC9A49-1097-4C44-868A-BFBA2BDD9192}.Release|Any CPU.ActiveCfg = Release|Any CPU
		{9ABC9A49-1097-4C44-868A-BFBA2BDD9192}.Release|Any CPU.Build.0 = Release|Any CPU
		{84DC4E2D-032B-45BC-BB5A-3B06FFC63970}.Debug|Any CPU.ActiveCfg = Debug|Any CPU
		{84DC4E2D-032B-45BC-BB5A-3B06FFC63970}.Debug|Any CPU.Build.0 = Debug|Any CPU
		{84DC4E2D-032B-45BC-BB5A-3B06FFC63970}.Release|Any CPU.ActiveCfg = Release|Any CPU
		{84DC4E2D-032B-45BC-BB5A-3B06FFC63970}.Release|Any CPU.Build.0 = Release|Any CPU
		{1BD4CF06-A4E8-4E09-9766-1C8E92D24EC9}.Debug|Any CPU.ActiveCfg = Debug|Any CPU
		{1BD4CF06-A4E8-4E09-9766-1C8E92D24EC9}.Debug|Any CPU.Build.0 = Debug|Any CPU
		{1BD4CF06-A4E8-4E09-9766-1C8E92D24EC9}.Release|Any CPU.ActiveCfg = Release|Any CPU
		{1BD4CF06-A4E8-4E09-9766-1C8E92D24EC9}.Release|Any CPU.Build.0 = Release|Any CPU
	EndGlobalSection
	GlobalSection(SolutionProperties) = preSolution
		HideSolutionNode = FALSE
	EndGlobalSection
	GlobalSection(ExtensibilityGlobals) = postSolution
		SolutionGuid = {7E036ADC-13C8-40ED-BF05-A11A434BBA3D}
	EndGlobalSection
EndGlobal
